
Microsoft Visual Studio Solution File, Format Version 12.00
# Visual Studio Version 16
VisualStudioVersion = 16.0.31727.386
MinimumVisualStudioVersion = 10.0.40219.1
Project("{9A19103F-16F7-4668-BE54-9A1E7A4F7556}") = "Goclinic.Agendamento.Core.Business", "Goclinic.Core.Business\Goclinic.Agendamento.Core.Business.csproj", "{885C03C6-A8EB-4FBD-89C5-E249161EFCBB}"
EndProject
Project("{9A19103F-16F7-4668-BE54-9A1E7A4F7556}") = "Goclinic.Agendamento.Core.Data", "Goclinic.Core.Data\Goclinic.Agendamento.Core.Data.csproj", "{F2D7E0EC-8B16-4496-8A2C-C045BEAD285C}"
EndProject
Project("{9A19103F-16F7-4668-BE54-9A1E7A4F7556}") = "GoClinic.Agendamento.Core.Api", "GoClinic.Core.Api\GoClinic.Agendamento.Core.Api.csproj", "{8B23204B-1EB0-45D5-AACF-EDBB66D624B0}"
EndProject
Project("{2150E333-8FDC-42A3-9474-1A3956D46DE8}") = "ModuloPaciente", "ModuloPaciente", "{26D39E34-4E70-4A2F-8F99-381DB0F7D4BB}"
EndProject
Project("{2150E333-8FDC-42A3-9474-1A3956D46DE8}") = "ModuloMedico", "ModuloMedico", "{9FD1E4F2-2278-493D-A235-30411969628A}"
EndProject
Project("{9A19103F-16F7-4668-BE54-9A1E7A4F7556}") = "Goclinic.AgendaMedica.Core.Api", "Goclinic.AgendaMedica.Core.Api\Goclinic.AgendaMedica.Core.Api.csproj", "{3CD536BB-D1E7-425B-BB79-CA4310370D07}"
EndProject
Project("{9A19103F-16F7-4668-BE54-9A1E7A4F7556}") = "Goclinic.AgendaMedica.Core.Data", "Goclinic.AgendaMedica.Core.Data\Goclinic.AgendaMedica.Core.Data.csproj", "{20B4B567-CD97-4BAB-A061-1F0EF8470A0B}"
EndProject
Project("{9A19103F-16F7-4668-BE54-9A1E7A4F7556}") = "Goclinic.AgendaMedica.Core.Business", "Goclinic.AgendaMedica.Core.Business\Goclinic.AgendaMedica.Core.Business.csproj", "{502F8A25-38F5-4893-B727-56A54F387AC0}"
EndProject
Project("{9A19103F-16F7-4668-BE54-9A1E7A4F7556}") = "GoClinicApiGateway", "GoClinicApiGateway\GoClinicApiGateway.csproj", "{C5CCA435-FE8A-4D7A-877C-F397A6216025}"
EndProject
Global
	GlobalSection(SolutionConfigurationPlatforms) = preSolution
		Debug|Any CPU = Debug|Any CPU
		Release|Any CPU = Release|Any CPU
	EndGlobalSection
	GlobalSection(ProjectConfigurationPlatforms) = postSolution
		{885C03C6-A8EB-4FBD-89C5-E249161EFCBB}.Debug|Any CPU.ActiveCfg = Debug|Any CPU
		{885C03C6-A8EB-4FBD-89C5-E249161EFCBB}.Debug|Any CPU.Build.0 = Debug|Any CPU
		{885C03C6-A8EB-4FBD-89C5-E249161EFCBB}.Release|Any CPU.ActiveCfg = Release|Any CPU
		{885C03C6-A8EB-4FBD-89C5-E249161EFCBB}.Release|Any CPU.Build.0 = Release|Any CPU
		{F2D7E0EC-8B16-4496-8A2C-C045BEAD285C}.Debug|Any CPU.ActiveCfg = Debug|Any CPU
		{F2D7E0EC-8B16-4496-8A2C-C045BEAD285C}.Debug|Any CPU.Build.0 = Debug|Any CPU
		{F2D7E0EC-8B16-4496-8A2C-C045BEAD285C}.Release|Any CPU.ActiveCfg = Release|Any CPU
		{F2D7E0EC-8B16-4496-8A2C-C045BEAD285C}.Release|Any CPU.Build.0 = Release|Any CPU
		{8B23204B-1EB0-45D5-AACF-EDBB66D624B0}.Debug|Any CPU.ActiveCfg = Debug|Any CPU
		{8B23204B-1EB0-45D5-AACF-EDBB66D624B0}.Debug|Any CPU.Build.0 = Debug|Any CPU
		{8B23204B-1EB0-45D5-AACF-EDBB66D624B0}.Release|Any CPU.ActiveCfg = Release|Any CPU
		{8B23204B-1EB0-45D5-AACF-EDBB66D624B0}.Release|Any CPU.Build.0 = Release|Any CPU
		{3CD536BB-D1E7-425B-BB79-CA4310370D07}.Debug|Any CPU.ActiveCfg = Debug|Any CPU
		{3CD536BB-D1E7-425B-BB79-CA4310370D07}.Debug|Any CPU.Build.0 = Debug|Any CPU
		{3CD536BB-D1E7-425B-BB79-CA4310370D07}.Release|Any CPU.ActiveCfg = Release|Any CPU
		{3CD536BB-D1E7-425B-BB79-CA4310370D07}.Release|Any CPU.Build.0 = Release|Any CPU
		{20B4B567-CD97-4BAB-A061-1F0EF8470A0B}.Debug|Any CPU.ActiveCfg = Debug|Any CPU
		{20B4B567-CD97-4BAB-A061-1F0EF8470A0B}.Debug|Any CPU.Build.0 = Debug|Any CPU
		{20B4B567-CD97-4BAB-A061-1F0EF8470A0B}.Release|Any CPU.ActiveCfg = Release|Any CPU
		{20B4B567-CD97-4BAB-A061-1F0EF8470A0B}.Release|Any CPU.Build.0 = Release|Any CPU
		{502F8A25-38F5-4893-B727-56A54F387AC0}.Debug|Any CPU.ActiveCfg = Debug|Any CPU
		{502F8A25-38F5-4893-B727-56A54F387AC0}.Debug|Any CPU.Build.0 = Debug|Any CPU
		{502F8A25-38F5-4893-B727-56A54F387AC0}.Release|Any CPU.ActiveCfg = Release|Any CPU
		{502F8A25-38F5-4893-B727-56A54F387AC0}.Release|Any CPU.Build.0 = Release|Any CPU
		{C5CCA435-FE8A-4D7A-877C-F397A6216025}.Debug|Any CPU.ActiveCfg = Debug|Any CPU
		{C5CCA435-FE8A-4D7A-877C-F397A6216025}.Debug|Any CPU.Build.0 = Debug|Any CPU
		{C5CCA435-FE8A-4D7A-877C-F397A6216025}.Release|Any CPU.ActiveCfg = Release|Any CPU
		{C5CCA435-FE8A-4D7A-877C-F397A6216025}.Release|Any CPU.Build.0 = Release|Any CPU
	EndGlobalSection
	GlobalSection(SolutionProperties) = preSolution
		HideSolutionNode = FALSE
	EndGlobalSection
	GlobalSection(NestedProjects) = preSolution
		{885C03C6-A8EB-4FBD-89C5-E249161EFCBB} = {26D39E34-4E70-4A2F-8F99-381DB0F7D4BB}
		{F2D7E0EC-8B16-4496-8A2C-C045BEAD285C} = {26D39E34-4E70-4A2F-8F99-381DB0F7D4BB}
		{8B23204B-1EB0-45D5-AACF-EDBB66D624B0} = {26D39E34-4E70-4A2F-8F99-381DB0F7D4BB}
		{3CD536BB-D1E7-425B-BB79-CA4310370D07} = {9FD1E4F2-2278-493D-A235-30411969628A}
		{20B4B567-CD97-4BAB-A061-1F0EF8470A0B} = {9FD1E4F2-2278-493D-A235-30411969628A}
		{502F8A25-38F5-4893-B727-56A54F387AC0} = {9FD1E4F2-2278-493D-A235-30411969628A}
	EndGlobalSection
	GlobalSection(ExtensibilityGlobals) = postSolution
		SolutionGuid = {6D9CFB71-C33D-487E-AE41-EF6480BBCC4A}
	EndGlobalSection
EndGlobal
